
Microsoft Visual Studio Solution File, Format Version 12.00
# Visual Studio Version 17
VisualStudioVersion = 17.14.36121.58 d17.14
MinimumVisualStudioVersion = 10.0.40219.1
Project("{FAE04EC0-301F-11D3-BF4B-00C04F79EFBC}") = "BLL-OnlineStore", "BLL-OnlineStore.csproj", "{EF62A212-64D8-D4D8-26D5-BC44978B01AC}"
EndProject
Global
	GlobalSection(SolutionConfigurationPlatforms) = preSolution
		Debug|Any CPU = Debug|Any CPU
		Release|Any CPU = Release|Any CPU
	EndGlobalSection
	GlobalSection(ProjectConfigurationPlatforms) = postSolution
		{EF62A212-64D8-D4D8-26D5-BC44978B01AC}.Debug|Any CPU.ActiveCfg = Debug|Any CPU
		{EF62A212-64D8-D4D8-26D5-BC44978B01AC}.Debug|Any CPU.Build.0 = Debug|Any CPU
		{EF62A212-64D8-D4D8-26D5-BC44978B01AC}.Release|Any CPU.ActiveCfg = Release|Any CPU
		{EF62A212-64D8-D4D8-26D5-BC44978B01AC}.Release|Any CPU.Build.0 = Release|Any CPU
	EndGlobalSection
	GlobalSection(SolutionProperties) = preSolution
		HideSolutionNode = FALSE
	EndGlobalSection
	GlobalSection(ExtensibilityGlobals) = postSolution
		SolutionGuid = {4F974FC8-9148-4818-9629-7E5BDEA6684C}
	EndGlobalSection
EndGlobal
